github.com/katana-project/ffmpeg v0.0.0-20231126115529-5f1bc7ed0d2b h1:Se8NFZ9FHXCaB0Rqjivnebz71TW/BKtS2KiefruPSs8=
github.com/katana-project/ffmpeg v0.0.0-20231126115529-5f1bc7ed0d2b/go.mod h1:sd/wsWR4/Elmnsq9+c3XQqIQSkzRjF/zoNnADRt0kz0=
github.com/katana-project/ffmpeg v0.0.0-20231126120620-955fbea1d428 h1:8CT2dUFBD6DhJnHGTd7DnNgGLrDKe1bDitv8q5lsGiQ=
github.com/katana-project/ffmpeg v0.0.0-20231126120620-955fbea1d428/go.mod h1:sd/wsWR4/Elmnsq9+c3XQqIQSkzRjF/zoNnADRt0kz0=
